
Microsoft Visual Studio Solution File, Format Version 12.00
# Visual Studio Version 16
VisualStudioVersion = 16.0.33328.57
MinimumVisualStudioVersion = 10.0.40219.1
Project("{8BC9CEB8-8B4A-11D0-8D11-00A0C91BC942}") = "Beginner_02", "Beginner_02\Beginner_02.vcxproj", "{717D55DF-67FA-45C4-A414-D7261479850E}"
EndProject
Global
	GlobalSection(SolutionConfigurationPlatforms) = preSolution
		Debug|x64 = Debug|x64
		Debug|x86 = Debug|x86
		Release|x64 = Release|x64
		Release|x86 = Release|x86
	EndGlobalSection
	GlobalSection(ProjectConfigurationPlatforms) = postSolution
		{717D55DF-67FA-45C4-A414-D7261479850E}.Debug|x64.ActiveCfg = Debug|x64
		{717D55DF-67FA-45C4-A414-D7261479850E}.Debug|x64.Build.0 = Debug|x64
		{717D55DF-67FA-45C4-A414-D7261479850E}.Debug|x86.ActiveCfg = Debug|Win32
		{717D55DF-67FA-45C4-A414-D7261479850E}.Debug|x86.Build.0 = Debug|Win32
		{717D55DF-67FA-45C4-A414-D7261479850E}.Release|x64.ActiveCfg = Release|x64
		{717D55DF-67FA-45C4-A414-D7261479850E}.Release|x64.Build.0 = Release|x64
		{717D55DF-67FA-45C4-A414-D7261479850E}.Release|x86.ActiveCfg = Release|Win32
		{717D55DF-67FA-45C4-A414-D7261479850E}.Release|x86.Build.0 = Release|Win32
	EndGlobalSection
	GlobalSection(SolutionProperties) = preSolution
		HideSolutionNode = FALSE
	EndGlobalSection
	GlobalSection(ExtensibilityGlobals) = postSolution
		SolutionGuid = {9A6F90A1-A9B5-4153-9CFE-09FBE54A855F}
	EndGlobalSection
EndGlobal
